
Microsoft Visual Studio Solution File, Format Version 12.00
Project("{FAE04EC0-301F-11D3-BF4B-00C04F79EFBC}") = "TG_Bot", "TG_Bot\TG_Bot.csproj", "{15478A97-4E31-4A5E-8566-0CF568257F89}"
EndProject
Global
	GlobalSection(SolutionConfigurationPlatforms) = preSolution
		Debug|Any CPU = Debug|Any CPU
		Release|Any CPU = Release|Any CPU
	EndGlobalSection
	GlobalSection(ProjectConfigurationPlatforms) = postSolution
		{15478A97-4E31-4A5E-8566-0CF568257F89}.Debug|Any CPU.ActiveCfg = Debug|Any CPU
		{15478A97-4E31-4A5E-8566-0CF568257F89}.Debug|Any CPU.Build.0 = Debug|Any CPU
		{15478A97-4E31-4A5E-8566-0CF568257F89}.Release|Any CPU.ActiveCfg = Release|Any CPU
		{15478A97-4E31-4A5E-8566-0CF568257F89}.Release|Any CPU.Build.0 = Release|Any CPU
	EndGlobalSection
EndGlobal
